
Microsoft Visual Studio Solution File, Format Version 12.00
# Visual Studio Version 17
VisualStudioVersion = 17.0.32112.339
MinimumVisualStudioVersion = 10.0.40219.1
Project("{F184B08F-C81C-45F6-A57F-5ABD9991F28F}") = "Project 1 Shopping List", "Project 1 Shopping List\Project 1 Shopping List.vbproj", "{BE9414ED-D807-451A-AF68-98A1552BFB0D}"
EndProject
Global
	GlobalSection(SolutionConfigurationPlatforms) = preSolution
		Debug|Any CPU = Debug|Any CPU
		Release|Any CPU = Release|Any CPU
	EndGlobalSection
	GlobalSection(ProjectConfigurationPlatforms) = postSolution
		{BE9414ED-D807-451A-AF68-98A1552BFB0D}.Debug|Any CPU.ActiveCfg = Debug|Any CPU
		{BE9414ED-D807-451A-AF68-98A1552BFB0D}.Debug|Any CPU.Build.0 = Debug|Any CPU
		{BE9414ED-D807-451A-AF68-98A1552BFB0D}.Release|Any CPU.ActiveCfg = Release|Any CPU
		{BE9414ED-D807-451A-AF68-98A1552BFB0D}.Release|Any CPU.Build.0 = Release|Any CPU
	EndGlobalSection
	GlobalSection(SolutionProperties) = preSolution
		HideSolutionNode = FALSE
	EndGlobalSection
	GlobalSection(ExtensibilityGlobals) = postSolution
		SolutionGuid = {1AC97121-8F15-4278-BDCB-BF89BA52FD81}
	EndGlobalSection
EndGlobal
